PODS:
  - Reusable (4.0.5):
    - Reusable/Storyboard (= 4.0.5)
    - Reusable/View (= 4.0.5)
  - Reusable/Storyboard (4.0.5)
  - Reusable/View (4.0.5)

DEPENDENCIES:
  - Reusable

SPEC REPOS:
  https://github.com/cocoapods/specs.git:
    - Reusable

SPEC CHECKSUMS:
  Reusable: 188be1a54ac0691bc66e5bb24ec6eb91971b315b

PODFILE CHECKSUM: c90381e9cfe458f13f19831dc04da816faefa889

COCOAPODS: 1.5.3
