PODS:
  - Reusable (4.0.5):
    - Reusable/Storyboard (= 4.0.5)
    - Reusable/View (= 4.0.5)
  - Reusable/Storyboard (4.0.5)
  - Reusable/View (4.0.5)

DEPENDENCIES:
  - Reusable

SPEC REPOS:
  https://github.com/cocoapods/specs.git:
    - Reusable

SPEC CHECKSUMS:
  Reusable: 188be1a54ac0691bc66e5bb24ec6eb91971b315b

PODFILE CHECKSUM: 4d201a395cc10c56d9de7d8f3fe67fb521c682cc

COCOAPODS: 1.5.3
