// !$*UTF8*$!
{
	archiveVersion = 1;
	classes = {
	};
	objectVersion = 50;
	objects = {

/* Begin PBXBuildFile section */
		2A59315919E1316726E199B8 /* Pods_VVMediaLibrary.framework in Frameworks */ = {isa = PBXBuildFile; fileRef = 49C23E27E67649CB19DF96E3 /* Pods_VVMediaLibrary.framework */; };
		610F0008226F2A75001A94E9 /* Array+Subscript.swift in Sources */ = {isa = PBXBuildFile; fileRef = 610F0007226F2A75001A94E9 /* Array+Subscript.swift */; };
		61AE17B2226E1AD300DCCB5A /* GalleryAlbumCollectionViewCell.xib in Resources */ = {isa = PBXBuildFile; fileRef = 61AE17B0226E1AD300DCCB5A /* GalleryAlbumCollectionViewCell.xib */; };
		61AE17B3226E1AD300DCCB5A /* GalleryAlbumCollectionViewCell.swift in Sources */ = {isa = PBXBuildFile; fileRef = 61AE17B1226E1AD300DCCB5A /* GalleryAlbumCollectionViewCell.swift */; };
		61AE17B7226E1ADD00DCCB5A /* GalleryItemCollectionViewCell.xib in Resources */ = {isa = PBXBuildFile; fileRef = 61AE17B5226E1ADD00DCCB5A /* GalleryItemCollectionViewCell.xib */; };
		61AE17B8226E1ADD00DCCB5A /* GalleryItemCollectionViewCell.swift in Sources */ = {isa = PBXBuildFile; fileRef = 61AE17B6226E1ADD00DCCB5A /* GalleryItemCollectionViewCell.swift */; };
		61B04540226867F700E65228 /* AppDelegate.swift in Sources */ = {isa = PBXBuildFile; fileRef = 61B0453F226867F700E65228 /* AppDelegate.swift */; };
		61B04542226867F700E65228 /* ViewController.swift in Sources */ = {isa = PBXBuildFile; fileRef = 61B04541226867F700E65228 /* ViewController.swift */; };
		61B04545226867F700E65228 /* Main.storyboard in Resources */ = {isa = PBXBuildFile; fileRef = 61B04543226867F700E65228 /* Main.storyboard */; };
		61B04547226867F800E65228 /* Assets.xcassets in Resources */ = {isa = PBXBuildFile; fileRef = 61B04546226867F800E65228 /* Assets.xcassets */; };
		61B0454A226867F800E65228 /* LaunchScreen.storyboard in Resources */ = {isa = PBXBuildFile; fileRef = 61B04548226867F800E65228 /* LaunchScreen.storyboard */; };
		61B89534227329840003EF8F /* Int+String.swift in Sources */ = {isa = PBXBuildFile; fileRef = 61B89533227329840003EF8F /* Int+String.swift */; };
		61B8953822735EEB0003EF8F /* GalleryAlbum.swift in Sources */ = {isa = PBXBuildFile; fileRef = 61B8953722735EEB0003EF8F /* GalleryAlbum.swift */; };
		61D4C26C227B50F80097D8CB /* UIViewController+Alert.swift in Sources */ = {isa = PBXBuildFile; fileRef = 61D4C26B227B50F80097D8CB /* UIViewController+Alert.swift */; };
/* End PBXBuildFile section */

/* Begin PBXFileReference section */
		49C23E27E67649CB19DF96E3 /* Pods_VVMediaLibrary.framework */ = {isa = PBXFileReference; explicitFileType = wrapper.framework; includeInIndex = 0; path = Pods_VVMediaLibrary.framework; sourceTree = BUILT_PRODUCTS_DIR; };
		610F0007226F2A75001A94E9 /* Array+Subscript.swift */ = {isa = PBXFileReference; lastKnownFileType = sourcecode.swift; path = "Array+Subscript.swift"; sourceTree = "<group>"; };
		61AE17B0226E1AD300DCCB5A /* GalleryAlbumCollectionViewCell.xib */ = {isa = PBXFileReference; fileEncoding = 4; lastKnownFileType = file.xib; path = GalleryAlbumCollectionViewCell.xib; sourceTree = "<group>"; };
		61AE17B1226E1AD300DCCB5A /* GalleryAlbumCollectionViewCell.swift */ = {isa = PBXFileReference; fileEncoding = 4; lastKnownFileType = sourcecode.swift; path = GalleryAlbumCollectionViewCell.swift; sourceTree = "<group>"; };
		61AE17B5226E1ADD00DCCB5A /* GalleryItemCollectionViewCell.xib */ = {isa = PBXFileReference; fileEncoding = 4; lastKnownFileType = file.xib; path = GalleryItemCollectionViewCell.xib; sourceTree = "<group>"; };
		61AE17B6226E1ADD00DCCB5A /* GalleryItemCollectionViewCell.swift */ = {isa = PBXFileReference; fileEncoding = 4; lastKnownFileType = sourcecode.swift; path = GalleryItemCollectionViewCell.swift; sourceTree = "<group>"; };
		61B0453C226867F700E65228 /* VVMediaLibrary.app */ = {isa = PBXFileReference; explicitFileType = wrapper.application; includeInIndex = 0; path = VVMediaLibrary.app; sourceTree = BUILT_PRODUCTS_DIR; };
		61B0453F226867F700E65228 /* AppDelegate.swift */ = {isa = PBXFileReference; lastKnownFileType = sourcecode.swift; path = AppDelegate.swift; sourceTree = "<group>"; };
		61B04541226867F700E65228 /* ViewController.swift */ = {isa = PBXFileReference; lastKnownFileType = sourcecode.swift; path = ViewController.swift; sourceTree = "<group>"; };
		61B04544226867F700E65228 /* Base */ = {isa = PBXFileReference; lastKnownFileType = file.storyboard; name = Base; path = Base.lproj/Main.storyboard; sourceTree = "<group>"; };
		61B04546226867F800E65228 /* Assets.xcassets */ = {isa = PBXFileReference; lastKnownFileType = folder.assetcatalog; path = Assets.xcassets; sourceTree = "<group>"; };
		61B04549226867F800E65228 /* Base */ = {isa = PBXFileReference; lastKnownFileType = file.storyboard; name = Base; path = Base.lproj/LaunchScreen.storyboard; sourceTree = "<group>"; };
		61B0454B226867F800E65228 /* Info.plist */ = {isa = PBXFileReference; lastKnownFileType = text.plist.xml; path = Info.plist; sourceTree = "<group>"; };
		61B89533227329840003EF8F /* Int+String.swift */ = {isa = PBXFileReference; lastKnownFileType = sourcecode.swift; path = "Int+String.swift"; sourceTree = "<group>"; };
		61B8953722735EEB0003EF8F /* GalleryAlbum.swift */ = {isa = PBXFileReference; lastKnownFileType = sourcecode.swift; path = GalleryAlbum.swift; sourceTree = "<group>"; };
		61D4C26B227B50F80097D8CB /* UIViewController+Alert.swift */ = {isa = PBXFileReference; lastKnownFileType = sourcecode.swift; path = "UIViewController+Alert.swift"; sourceTree = "<group>"; };
		AC0E0F9BFA747585F0F7CCBF /* Pods-VVMediaLibrary.debug.xcconfig */ = {isa = PBXFileReference; includeInIndex = 1; lastKnownFileType = text.xcconfig; name = "Pods-VVMediaLibrary.debug.xcconfig"; path = "Pods/Target Support Files/Pods-VVMediaLibrary/Pods-VVMediaLibrary.debug.xcconfig"; sourceTree = "<group>"; };
		CB501F33C96C4820027C9FCE /* Pods-VVMediaLibrary.release.xcconfig */ = {isa = PBXFileReference; includeInIndex = 1; lastKnownFileType = text.xcconfig; name = "Pods-VVMediaLibrary.release.xcconfig"; path = "Pods/Target Support Files/Pods-VVMediaLibrary/Pods-VVMediaLibrary.release.xcconfig"; sourceTree = "<group>"; };
/* End PBXFileReference section */

/* Begin PBXFrameworksBuildPhase section */
		61B04539226867F700E65228 /* Frameworks */ = {
			isa = PBXFrameworksBuildPhase;
			buildActionMask = 2147483647;
			files = (
				2A59315919E1316726E199B8 /* Pods_VVMediaLibrary.framework in Frameworks */,
			);
			runOnlyForDeploymentPostprocessing = 0;
		};
/* End PBXFrameworksBuildPhase section */

/* Begin PBXGroup section */
		56B06D927424FABC06BD481F /* Frameworks */ = {
			isa = PBXGroup;
			children = (
				49C23E27E67649CB19DF96E3 /* Pods_VVMediaLibrary.framework */,
			);
			name = Frameworks;
			sourceTree = "<group>";
		};
		610F0006226F2A67001A94E9 /* Extensions */ = {
			isa = PBXGroup;
			children = (
				61D4C26A227B50EB0097D8CB /* ViewController */,
				61B89535227329910003EF8F /* Array */,
				61B89532227329770003EF8F /* Int */,
			);
			path = Extensions;
			sourceTree = "<group>";
		};
		610F0009226F2AB5001A94E9 /* Views */ = {
			isa = PBXGroup;
			children = (
				61AE17B4226E1ADD00DCCB5A /* GalleryItemCollectionViewCell */,
				61AE17AF226E1AD300DCCB5A /* GalleryAlbumCollectionViewCell */,
			);
			path = Views;
			sourceTree = "<group>";
		};
		610F000A226F2C64001A94E9 /* Supporting Files */ = {
			isa = PBXGroup;
			children = (
				61B0453F226867F700E65228 /* AppDelegate.swift */,
				61B04546226867F800E65228 /* Assets.xcassets */,
				61B04548226867F800E65228 /* LaunchScreen.storyboard */,
				61B0454B226867F800E65228 /* Info.plist */,
			);
			path = "Supporting Files";
			sourceTree = "<group>";
		};
		61AE17AF226E1AD300DCCB5A /* GalleryAlbumCollectionViewCell */ = {
			isa = PBXGroup;
			children = (
				61AE17B1226E1AD300DCCB5A /* GalleryAlbumCollectionViewCell.swift */,
				61AE17B0226E1AD300DCCB5A /* GalleryAlbumCollectionViewCell.xib */,
			);
			path = GalleryAlbumCollectionViewCell;
			sourceTree = "<group>";
		};
		61AE17B4226E1ADD00DCCB5A /* GalleryItemCollectionViewCell */ = {
			isa = PBXGroup;
			children = (
				61AE17B6226E1ADD00DCCB5A /* GalleryItemCollectionViewCell.swift */,
				61AE17B5226E1ADD00DCCB5A /* GalleryItemCollectionViewCell.xib */,
			);
			path = GalleryItemCollectionViewCell;
			sourceTree = "<group>";
		};
		61B04533226867F600E65228 = {
			isa = PBXGroup;
			children = (
				61B0453E226867F700E65228 /* VVMediaLibrary */,
				61B0453D226867F700E65228 /* Products */,
				DF991946516B301FE3C34A36 /* Pods */,
				56B06D927424FABC06BD481F /* Frameworks */,
			);
			sourceTree = "<group>";
		};
		61B0453D226867F700E65228 /* Products */ = {
			isa = PBXGroup;
			children = (
				61B0453C226867F700E65228 /* VVMediaLibrary.app */,
			);
			name = Products;
			sourceTree = "<group>";
		};
		61B0453E226867F700E65228 /* VVMediaLibrary */ = {
			isa = PBXGroup;
			children = (
				61B04541226867F700E65228 /* ViewController.swift */,
				61B04543226867F700E65228 /* Main.storyboard */,
				61B8953622735EE00003EF8F /* Models */,
				610F0009226F2AB5001A94E9 /* Views */,
				610F0006226F2A67001A94E9 /* Extensions */,
				610F000A226F2C64001A94E9 /* Supporting Files */,
			);
			path = VVMediaLibrary;
			sourceTree = "<group>";
		};
		61B89532227329770003EF8F /* Int */ = {
			isa = PBXGroup;
			children = (
				61B89533227329840003EF8F /* Int+String.swift */,
			);
			path = Int;
			sourceTree = "<group>";
		};
		61B89535227329910003EF8F /* Array */ = {
			isa = PBXGroup;
			children = (
				610F0007226F2A75001A94E9 /* Array+Subscript.swift */,
			);
			path = Array;
			sourceTree = "<group>";
		};
		61B8953622735EE00003EF8F /* Models */ = {
			isa = PBXGroup;
			children = (
				61B8953722735EEB0003EF8F /* GalleryAlbum.swift */,
			);
			path = Models;
			sourceTree = "<group>";
		};
		61D4C26A227B50EB0097D8CB /* ViewController */ = {
			isa = PBXGroup;
			children = (
				61D4C26B227B50F80097D8CB /* UIViewController+Alert.swift */,
			);
			path = ViewController;
			sourceTree = "<group>";
		};
		DF991946516B301FE3C34A36 /* Pods */ = {
			isa = PBXGroup;
			children = (
				AC0E0F9BFA747585F0F7CCBF /* Pods-VVMediaLibrary.debug.xcconfig */,
				CB501F33C96C4820027C9FCE /* Pods-VVMediaLibrary.release.xcconfig */,
			);
			name = Pods;
			sourceTree = "<group>";
		};
/* End PBXGroup section */

/* Begin PBXNativeTarget section */
		61B0453B226867F700E65228 /* VVMediaLibrary */ = {
			isa = PBXNativeTarget;
			buildConfigurationList = 61B0454E226867F800E65228 /* Build configuration list for PBXNativeTarget "VVMediaLibrary" */;
			buildPhases = (
				9C99B01855A3FF1BE5B066B8 /* [CP] Check Pods Manifest.lock */,
				61B04538226867F700E65228 /* Sources */,
				61B04539226867F700E65228 /* Frameworks */,
				61B0453A226867F700E65228 /* Resources */,
				9C19F29905EDAE8B0CF64C75 /* [CP] Embed Pods Frameworks */,
			);
			buildRules = (
			);
			dependencies = (
			);
			name = VVMediaLibrary;
			productName = VVMediaLibrary;
			productReference = 61B0453C226867F700E65228 /* VVMediaLibrary.app */;
			productType = "com.apple.product-type.application";
		};
/* End PBXNativeTarget section */

/* Begin PBXProject section */
		61B04534226867F700E65228 /* Project object */ = {
			isa = PBXProject;
			attributes = {
				LastSwiftUpdateCheck = 1020;
				LastUpgradeCheck = 1020;
				ORGANIZATIONNAME = NerdzLab;
				TargetAttributes = {
					61B0453B226867F700E65228 = {
						CreatedOnToolsVersion = 10.2;
					};
				};
			};
			buildConfigurationList = 61B04537226867F700E65228 /* Build configuration list for PBXProject "VVMediaLibrary" */;
			compatibilityVersion = "Xcode 9.3";
			developmentRegion = en;
			hasScannedForEncodings = 0;
			knownRegions = (
				en,
				Base,
			);
			mainGroup = 61B04533226867F600E65228;
			productRefGroup = 61B0453D226867F700E65228 /* Products */;
			projectDirPath = "";
			projectRoot = "";
			targets = (
				61B0453B226867F700E65228 /* VVMediaLibrary */,
			);
		};
/* End PBXProject section */

/* Begin PBXResourcesBuildPhase section */
		61B0453A226867F700E65228 /* Resources */ = {
			isa = PBXResourcesBuildPhase;
			buildActionMask = 2147483647;
			files = (
				61B0454A226867F800E65228 /* LaunchScreen.storyboard in Resources */,
				61B04547226867F800E65228 /* Assets.xcassets in Resources */,
				61AE17B7226E1ADD00DCCB5A /* GalleryItemCollectionViewCell.xib in Resources */,
				61B04545226867F700E65228 /* Main.storyboard in Resources */,
				61AE17B2226E1AD300DCCB5A /* GalleryAlbumCollectionViewCell.xib in Resources */,
			);
			runOnlyForDeploymentPostprocessing = 0;
		};
/* End PBXResourcesBuildPhase section */

/* Begin PBXShellScriptBuildPhase section */
		9C19F29905EDAE8B0CF64C75 /* [CP] Embed Pods Frameworks */ = {
			isa = PBXShellScriptBuildPhase;
			buildActionMask = 2147483647;
			files = (
			);
			inputPaths = (
				"${SRCROOT}/Pods/Target Support Files/Pods-VVMediaLibrary/Pods-VVMediaLibrary-frameworks.sh",
				"${BUILT_PRODUCTS_DIR}/Reusable/Reusable.framework",
			);
			name = "[CP] Embed Pods Frameworks";
			outputPaths = (
				"${TARGET_BUILD_DIR}/${FRAMEWORKS_FOLDER_PATH}/Reusable.framework",
			);
			runOnlyForDeploymentPostprocessing = 0;
			shellPath = /bin/sh;
			shellScript = "\"${SRCROOT}/Pods/Target Support Files/Pods-VVMediaLibrary/Pods-VVMediaLibrary-frameworks.sh\"\n";
			showEnvVarsInLog = 0;
		};
		9C99B01855A3FF1BE5B066B8 /* [CP] Check Pods Manifest.lock */ = {
			isa = PBXShellScriptBuildPhase;
			buildActionMask = 2147483647;
			files = (
			);
			inputPaths = (
				"${PODS_PODFILE_DIR_PATH}/Podfile.lock",
				"${PODS_ROOT}/Manifest.lock",
			);
			name = "[CP] Check Pods Manifest.lock";
			outputPaths = (
				"$(DERIVED_FILE_DIR)/Pods-VVMediaLibrary-checkManifestLockResult.txt",
			);
			runOnlyForDeploymentPostprocessing = 0;
			shellPath = /bin/sh;
			shellScript = "diff \"${PODS_PODFILE_DIR_PATH}/Podfile.lock\" \"${PODS_ROOT}/Manifest.lock\" > /dev/null\nif [ $? != 0 ] ; then\n    # print error to STDERR\n    echo \"error: The sandbox is not in sync with the Podfile.lock. Run 'pod install' or update your CocoaPods installation.\" >&2\n    exit 1\nfi\n# This output is used by Xcode 'outputs' to avoid re-running this script phase.\necho \"SUCCESS\" > \"${SCRIPT_OUTPUT_FILE_0}\"\n";
			showEnvVarsInLog = 0;
		};
/* End PBXShellScriptBuildPhase section */

/* Begin PBXSourcesBuildPhase section */
		61B04538226867F700E65228 /* Sources */ = {
			isa = PBXSourcesBuildPhase;
			buildActionMask = 2147483647;
			files = (
				61AE17B8226E1ADD00DCCB5A /* GalleryItemCollectionViewCell.swift in Sources */,
				610F0008226F2A75001A94E9 /* Array+Subscript.swift in Sources */,
				61B04542226867F700E65228 /* ViewController.swift in Sources */,
				61B8953822735EEB0003EF8F /* GalleryAlbum.swift in Sources */,
				61AE17B3226E1AD300DCCB5A /* GalleryAlbumCollectionViewCell.swift in Sources */,
				61B89534227329840003EF8F /* Int+String.swift in Sources */,
				61B04540226867F700E65228 /* AppDelegate.swift in Sources */,
				61D4C26C227B50F80097D8CB /* UIViewController+Alert.swift in Sources */,
			);
			runOnlyForDeploymentPostprocessing = 0;
		};
/* End PBXSourcesBuildPhase section */

/* Begin PBXVariantGroup section */
		61B04543226867F700E65228 /* Main.storyboard */ = {
			isa = PBXVariantGroup;
			children = (
				61B04544226867F700E65228 /* Base */,
			);
			name = Main.storyboard;
			sourceTree = "<group>";
		};
		61B04548226867F800E65228 /* LaunchScreen.storyboard */ = {
			isa = PBXVariantGroup;
			children = (
				61B04549226867F800E65228 /* Base */,
			);
			name = LaunchScreen.storyboard;
			sourceTree = "<group>";
		};
/* End PBXVariantGroup section */

/* Begin XCBuildConfiguration section */
		61B0454C226867F800E65228 /* Debug */ = {
			isa = XCBuildConfiguration;
			buildSettings = {
				ALWAYS_SEARCH_USER_PATHS = NO;
				CLANG_ANALYZER_NONNULL = YES;
				CLANG_ANALYZER_NUMBER_OBJECT_CONVERSION = YES_AGGRESSIVE;
				CLANG_CXX_LANGUAGE_STANDARD = "gnu++14";
				CLANG_CXX_LIBRARY = "libc++";
				CLANG_ENABLE_MODULES = YES;
				CLANG_ENABLE_OBJC_ARC = YES;
				CLANG_ENABLE_OBJC_WEAK = YES;
				CLANG_WARN_BLOCK_CAPTURE_AUTORELEASING = YES;
				CLANG_WARN_BOOL_CONVERSION = YES;
				CLANG_WARN_COMMA = YES;
				CLANG_WARN_CONSTANT_CONVERSION = YES;
				CLANG_WARN_DEPRECATED_OBJC_IMPLEMENTATIONS = YES;
				CLANG_WARN_DIRECT_OBJC_ISA_USAGE = YES_ERROR;
				CLANG_WARN_DOCUMENTATION_COMMENTS = YES;
				CLANG_WARN_EMPTY_BODY = YES;
				CLANG_WARN_ENUM_CONVERSION = YES;
				CLANG_WARN_INFINITE_RECURSION = YES;
				CLANG_WARN_INT_CONVERSION = YES;
				CLANG_WARN_NON_LITERAL_NULL_CONVERSION = YES;
				CLANG_WARN_OBJC_IMPLICIT_RETAIN_SELF = YES;
				CLANG_WARN_OBJC_LITERAL_CONVERSION = YES;
				CLANG_WARN_OBJC_ROOT_CLASS = YES_ERROR;
				CLANG_WARN_RANGE_LOOP_ANALYSIS = YES;
				CLANG_WARN_STRICT_PROTOTYPES = YES;
				CLANG_WARN_SUSPICIOUS_MOVE = YES;
				CLANG_WARN_UNGUARDED_AVAILABILITY = YES_AGGRESSIVE;
				CLANG_WARN_UNREACHABLE_CODE = YES;
				CLANG_WARN__DUPLICATE_METHOD_MATCH = YES;
				CODE_SIGN_IDENTITY = "iPhone Developer";
				COPY_PHASE_STRIP = NO;
				DEBUG_INFORMATION_FORMAT = dwarf;
				ENABLE_STRICT_OBJC_MSGSEND = YES;
				ENABLE_TESTABILITY = YES;
				GCC_C_LANGUAGE_STANDARD = gnu11;
				GCC_DYNAMIC_NO_PIC = NO;
				GCC_NO_COMMON_BLOCKS = YES;
				GCC_OPTIMIZATION_LEVEL = 0;
				GCC_PREPROCESSOR_DEFINITIONS = (
					"DEBUG=1",
					"$(inherited)",
				);
				GCC_WARN_64_TO_32_BIT_CONVERSION = YES;
				GCC_WARN_ABOUT_RETURN_TYPE = YES_ERROR;
				GCC_WARN_UNDECLARED_SELECTOR = YES;
				GCC_WARN_UNINITIALIZED_AUTOS = YES_AGGRESSIVE;
				GCC_WARN_UNUSED_FUNCTION = YES;
				GCC_WARN_UNUSED_VARIABLE = YES;
				IPHONEOS_DEPLOYMENT_TARGET = 12.2;
				MTL_ENABLE_DEBUG_INFO = INCLUDE_SOURCE;
				MTL_FAST_MATH = YES;
				ONLY_ACTIVE_ARCH = YES;
				SDKROOT = iphoneos;
				SWIFT_ACTIVE_COMPILATION_CONDITIONS = DEBUG;
				SWIFT_OPTIMIZATION_LEVEL = "-Onone";
			};
			name = Debug;
		};
		61B0454D226867F800E65228 /* Release */ = {
			isa = XCBuildConfiguration;
			buildSettings = {
				ALWAYS_SEARCH_USER_PATHS = NO;
				CLANG_ANALYZER_NONNULL = YES;
				CLANG_ANALYZER_NUMBER_OBJECT_CONVERSION = YES_AGGRESSIVE;
				CLANG_CXX_LANGUAGE_STANDARD = "gnu++14";
				CLANG_CXX_LIBRARY = "libc++";
				CLANG_ENABLE_MODULES = YES;
				CLANG_ENABLE_OBJC_ARC = YES;
				CLANG_ENABLE_OBJC_WEAK = YES;
				CLANG_WARN_BLOCK_CAPTURE_AUTORELEASING = YES;
				CLANG_WARN_BOOL_CONVERSION = YES;
				CLANG_WARN_COMMA = YES;
				CLANG_WARN_CONSTANT_CONVERSION = YES;
				CLANG_WARN_DEPRECATED_OBJC_IMPLEMENTATIONS = YES;
				CLANG_WARN_DIRECT_OBJC_ISA_USAGE = YES_ERROR;
				CLANG_WARN_DOCUMENTATION_COMMENTS = YES;
				CLANG_WARN_EMPTY_BODY = YES;
				CLANG_WARN_ENUM_CONVERSION = YES;
				CLANG_WARN_INFINITE_RECURSION = YES;
				CLANG_WARN_INT_CONVERSION = YES;
				CLANG_WARN_NON_LITERAL_NULL_CONVERSION = YES;
				CLANG_WARN_OBJC_IMPLICIT_RETAIN_SELF = YES;
				CLANG_WARN_OBJC_LITERAL_CONVERSION = YES;
				CLANG_WARN_OBJC_ROOT_CLASS = YES_ERROR;
				CLANG_WARN_RANGE_LOOP_ANALYSIS = YES;
				CLANG_WARN_STRICT_PROTOTYPES = YES;
				CLANG_WARN_SUSPICIOUS_MOVE = YES;
				CLANG_WARN_UNGUARDED_AVAILABILITY = YES_AGGRESSIVE;
				CLANG_WARN_UNREACHABLE_CODE = YES;
				CLANG_WARN__DUPLICATE_METHOD_MATCH = YES;
				CODE_SIGN_IDENTITY = "iPhone Developer";
				COPY_PHASE_STRIP = NO;
				DEBUG_INFORMATION_FORMAT = "dwarf-with-dsym";
				ENABLE_NS_ASSERTIONS = NO;
				ENABLE_STRICT_OBJC_MSGSEND = YES;
				GCC_C_LANGUAGE_STANDARD = gnu11;
				GCC_NO_COMMON_BLOCKS = YES;
				GCC_WARN_64_TO_32_BIT_CONVERSION = YES;
				GCC_WARN_ABOUT_RETURN_TYPE = YES_ERROR;
				GCC_WARN_UNDECLARED_SELECTOR = YES;
				GCC_WARN_UNINITIALIZED_AUTOS = YES_AGGRESSIVE;
				GCC_WARN_UNUSED_FUNCTION = YES;
				GCC_WARN_UNUSED_VARIABLE = YES;
				IPHONEOS_DEPLOYMENT_TARGET = 12.2;
				MTL_ENABLE_DEBUG_INFO = NO;
				MTL_FAST_MATH = YES;
				SDKROOT = iphoneos;
				SWIFT_COMPILATION_MODE = wholemodule;
				SWIFT_OPTIMIZATION_LEVEL = "-O";
				VALIDATE_PRODUCT = YES;
			};
			name = Release;
		};
		61B0454F226867F800E65228 /* Debug */ = {
			isa = XCBuildConfiguration;
			baseConfigurationReference = AC0E0F9BFA747585F0F7CCBF /* Pods-VVMediaLibrary.debug.xcconfig */;
			buildSettings = {
				ASSETCATALOG_COMPILER_APPICON_NAME = AppIcon;
				CODE_SIGN_STYLE = Automatic;
				DEVELOPMENT_TEAM = 75L4K28KXH;
				INFOPLIST_FILE = "$(SRCROOT)/VVMediaLibrary/Supporting Files/Info.plist";
				LD_RUNPATH_SEARCH_PATHS = (
					"$(inherited)",
					"@executable_path/Frameworks",
				);
				PRODUCT_BUNDLE_IDENTIFIER = com.app.VVMediaLibrary;
				PRODUCT_NAME = "$(TARGET_NAME)";
				SWIFT_VERSION = 4.2;
				TARGETED_DEVICE_FAMILY = "1,2";
			};
			name = Debug;
		};
		61B04550226867F800E65228 /* Release */ = {
			isa = XCBuildConfiguration;
			baseConfigurationReference = CB501F33C96C4820027C9FCE /* Pods-VVMediaLibrary.release.xcconfig */;
			buildSettings = {
				ASSETCATALOG_COMPILER_APPICON_NAME = AppIcon;
				CODE_SIGN_STYLE = Automatic;
				DEVELOPMENT_TEAM = 75L4K28KXH;
				INFOPLIST_FILE = "$(SRCROOT)/VVMediaLibrary/Supporting Files/Info.plist";
				LD_RUNPATH_SEARCH_PATHS = (
					"$(inherited)",
					"@executable_path/Frameworks",
				);
				PRODUCT_BUNDLE_IDENTIFIER = com.app.VVMediaLibrary;
				PRODUCT_NAME = "$(TARGET_NAME)";
				SWIFT_VERSION = 4.2;
				TARGETED_DEVICE_FAMILY = "1,2";
			};
			name = Release;
		};
/* End XCBuildConfiguration section */

/* Begin XCConfigurationList section */
		61B04537226867F700E65228 /* Build configuration list for PBXProject "VVMediaLibrary" */ = {
			isa = XCConfigurationList;
			buildConfigurations = (
				61B0454C226867F800E65228 /* Debug */,
				61B0454D226867F800E65228 /* Release */,
			);
			defaultConfigurationIsVisible = 0;
			defaultConfigurationName = Release;
		};
		61B0454E226867F800E65228 /* Build configuration list for PBXNativeTarget "VVMediaLibrary" */ = {
			isa = XCConfigurationList;
			buildConfigurations = (
				61B0454F226867F800E65228 /* Debug */,
				61B04550226867F800E65228 /* Release */,
			);
			defaultConfigurationIsVisible = 0;
			defaultConfigurationName = Release;
		};
/* End XCConfigurationList section */
	};
	rootObject = 61B04534226867F700E65228 /* Project object */;
}
